
Microsoft Visual Studio Solution File, Format Version 12.00
Project("{FAE04EC0-301F-11D3-BF4B-00C04F79EFBC}") = "ExpenseTracker.Api", "ExpenseTracker.Api\ExpenseTracker.Api.csproj", "{42207217-189B-4409-9C90-07CD5A4303A2}"
EndProject
Project("{FAE04EC0-301F-11D3-BF4B-00C04F79EFBC}") = "ExpenseTracker.Domain", "ExpenseTracker.Domain\ExpenseTracker.Domain.csproj", "{3A6F180F-FDC0-4EB9-BA57-9BE18E21F1CC}"
EndProject
Project("{FAE04EC0-301F-11D3-BF4B-00C04F79EFBC}") = "ExpenseTracker.Application", "ExpenseTracker.Application\ExpenseTracker.Application.csproj", "{C9BC604B-7051-4EE4-8950-85C286B6EA20}"
EndProject
Project("{FAE04EC0-301F-11D3-BF4B-00C04F79EFBC}") = "ExpenseTracker.Infrastructure", "ExpenseTracker.Infrastructure\ExpenseTracker.Infrastructure.csproj", "{94DEE071-E045-4B1D-8BF8-BA2567440EF1}"
EndProject
Global
	GlobalSection(SolutionConfigurationPlatforms) = preSolution
		Debug|Any CPU = Debug|Any CPU
		Release|Any CPU = Release|Any CPU
	EndGlobalSection
	GlobalSection(ProjectConfigurationPlatforms) = postSolution
		{42207217-189B-4409-9C90-07CD5A4303A2}.Debug|Any CPU.ActiveCfg = Debug|Any CPU
		{42207217-189B-4409-9C90-07CD5A4303A2}.Debug|Any CPU.Build.0 = Debug|Any CPU
		{42207217-189B-4409-9C90-07CD5A4303A2}.Release|Any CPU.ActiveCfg = Release|Any CPU
		{42207217-189B-4409-9C90-07CD5A4303A2}.Release|Any CPU.Build.0 = Release|Any CPU
		{3A6F180F-FDC0-4EB9-BA57-9BE18E21F1CC}.Debug|Any CPU.ActiveCfg = Debug|Any CPU
		{3A6F180F-FDC0-4EB9-BA57-9BE18E21F1CC}.Debug|Any CPU.Build.0 = Debug|Any CPU
		{3A6F180F-FDC0-4EB9-BA57-9BE18E21F1CC}.Release|Any CPU.ActiveCfg = Release|Any CPU
		{3A6F180F-FDC0-4EB9-BA57-9BE18E21F1CC}.Release|Any CPU.Build.0 = Release|Any CPU
		{C9BC604B-7051-4EE4-8950-85C286B6EA20}.Debug|Any CPU.ActiveCfg = Debug|Any CPU
		{C9BC604B-7051-4EE4-8950-85C286B6EA20}.Debug|Any CPU.Build.0 = Debug|Any CPU
		{C9BC604B-7051-4EE4-8950-85C286B6EA20}.Release|Any CPU.ActiveCfg = Release|Any CPU
		{C9BC604B-7051-4EE4-8950-85C286B6EA20}.Release|Any CPU.Build.0 = Release|Any CPU
		{94DEE071-E045-4B1D-8BF8-BA2567440EF1}.Debug|Any CPU.ActiveCfg = Debug|Any CPU
		{94DEE071-E045-4B1D-8BF8-BA2567440EF1}.Debug|Any CPU.Build.0 = Debug|Any CPU
		{94DEE071-E045-4B1D-8BF8-BA2567440EF1}.Release|Any CPU.ActiveCfg = Release|Any CPU
		{94DEE071-E045-4B1D-8BF8-BA2567440EF1}.Release|Any CPU.Build.0 = Release|Any CPU
	EndGlobalSection
EndGlobal
